
Microsoft Visual Studio Solution File, Format Version 12.00
# Visual Studio Version 17
VisualStudioVersion = 17.5.33627.172
MinimumVisualStudioVersion = 10.0.40219.1
Project("{9A19103F-16F7-4668-BE54-9A1E7A4F7556}") = "events", "events\events.csproj", "{AB8DCC45-6E70-4D3E-AB9B-FBAC48C7FBB6}"
EndProject
Project("{FAE04EC0-301F-11D3-BF4B-00C04F79EFBC}") = "UnitTests", "UnitTests\UnitTests.csproj", "{EABED2B8-2FFA-4C9E-8EA5-3958D885A811}"
EndProject
Global
	GlobalSection(SolutionConfigurationPlatforms) = preSolution
		Debug|Any CPU = Debug|Any CPU
		Release|Any CPU = Release|Any CPU
	EndGlobalSection
	GlobalSection(ProjectConfigurationPlatforms) = postSolution
		{AB8DCC45-6E70-4D3E-AB9B-FBAC48C7FBB6}.Debug|Any CPU.ActiveCfg = Debug|Any CPU
		{AB8DCC45-6E70-4D3E-AB9B-FBAC48C7FBB6}.Debug|Any CPU.Build.0 = Debug|Any CPU
		{AB8DCC45-6E70-4D3E-AB9B-FBAC48C7FBB6}.Release|Any CPU.ActiveCfg = Release|Any CPU
		{AB8DCC45-6E70-4D3E-AB9B-FBAC48C7FBB6}.Release|Any CPU.Build.0 = Release|Any CPU
		{EABED2B8-2FFA-4C9E-8EA5-3958D885A811}.Debug|Any CPU.ActiveCfg = Debug|Any CPU
		{EABED2B8-2FFA-4C9E-8EA5-3958D885A811}.Debug|Any CPU.Build.0 = Debug|Any CPU
		{EABED2B8-2FFA-4C9E-8EA5-3958D885A811}.Release|Any CPU.ActiveCfg = Release|Any CPU
		{EABED2B8-2FFA-4C9E-8EA5-3958D885A811}.Release|Any CPU.Build.0 = Release|Any CPU
	EndGlobalSection
	GlobalSection(SolutionProperties) = preSolution
		HideSolutionNode = FALSE
	EndGlobalSection
	GlobalSection(ExtensibilityGlobals) = postSolution
		SolutionGuid = {931C7332-C043-4960-9B58-339C1EF94870}
	EndGlobalSection
EndGlobal
